{
	"name": "acme-dns-01-test",
	"version": "3.3.1",
	"lockfileVersion": 1,
	"requires": true,
	"dependencies": {
		"@root/request": {
			"version": "1.3.11",
			"resolved": "https://registry.npmjs.org/@root/request/-/request-1.3.11.tgz",
			"integrity": "sha512-3a4Eeghcjsfe6zh7EJ+ni1l8OK9Fz2wL1OjP4UCa0YdvtH39kdXB9RGWuzyNv7dZi0+Ffkc83KfH0WbPMiuJFw=="
		},
		"acme-challenge-test": {
			"version": "3.3.1",
			"resolved": "https://registry.npmjs.org/acme-challenge-test/-/acme-challenge-test-3.3.1.tgz",
			"integrity": "sha512-y7iCHb70hWuFgPvtAWwQd1sz9I2Atu+6PKhN5sIIfqDhkg/sVmlxAVKXn6/SBx9TSrP50xHtiAnMkmt+umemDw==",
			"requires": {
				"@root/request": "^1.3.11"
			}
		},
		"acme-dns-01-cli": {
			"version": "3.1.0",
			"dev": true
		}
	}
}
